
Microsoft Visual Studio Solution File, Format Version 12.00
# Visual Studio 15
VisualStudioVersion = 15.0.28307.421
MinimumVisualStudioVersion = 10.0.40219.1
Project("{FAE04EC0-301F-11D3-BF4B-00C04F79EFBC}") = "CodeSampleCSharp", "CodeSampleCSharp\CodeSampleCSharp.csproj", "{553E55EC-3464-40FE-AC32-BB756E755440}"
EndProject
Project("{F184B08F-C81C-45F6-A57F-5ABD9991F28F}") = "CodeSampleVB", "CodeSampleVB\CodeSampleVB.vbproj", "{A3D17ADD-B458-4532-9EC9-F639DC8EB3BB}"
EndProject
Project("{F2A71F9B-5D33-465A-A702-920D77279786}") = "CodeSampleFSharp", "CodeSampleFSharp\CodeSampleFSharp.fsproj", "{3E7549A8-E22A-497F-80A4-624AE90096FA}"
EndProject
Project("{2150E333-8FDC-42A3-9474-1A3956D46DE8}") = "1.Languages", "1.Languages", "{BA01D5F1-1B88-4886-B046-C6B527E9F9E3}"
EndProject
Project("{F184B08F-C81C-45F6-A57F-5ABD9991F28F}") = "Practice1_Variables", "Practice1_Variables\Practice1_Variables.vbproj", "{7E12A6B6-CAAD-46E2-ADBF-84F387A5986E}"
EndProject
Project("{F184B08F-C81C-45F6-A57F-5ABD9991F28F}") = "Practice2_Operators", "Practice2_Operators\Practice2_Operators.vbproj", "{31064E22-BFE9-4DEC-9959-B02C04043F5F}"
EndProject
Project("{F184B08F-C81C-45F6-A57F-5ABD9991F28F}") = "Practice3_Arrays", "Practice2_Arrays\Practice3_Arrays.vbproj", "{DD3BA730-EEBA-4186-ACE4-BD292C7825C4}"
EndProject
Project("{F184B08F-C81C-45F6-A57F-5ABD9991F28F}") = "Practice4_EnumConsts", "Practice4_EnumConsts\Practice4_EnumConsts.vbproj", "{3B35D111-6D9F-4387-BE38-DA77128971F6}"
EndProject
Project("{F184B08F-C81C-45F6-A57F-5ABD9991F28F}") = "Practice3_Anagram", "Practice3_Anagram\Practice3_Anagram.vbproj", "{041E38BB-DD2E-4F02-BD2D-D89F3FCCFFA8}"
EndProject
Project("{2150E333-8FDC-42A3-9474-1A3956D46DE8}") = "Practicas", "Practicas", "{FBF008E3-9227-4007-9391-39DFEC1CAAA5}"
EndProject
Project("{F184B08F-C81C-45F6-A57F-5ABD9991F28F}") = "Practice1_DecisionMaking", "Practice1_DecisionMaking\Practice1_DecisionMaking.vbproj", "{24162E20-3C24-43D5-BB43-B53197F0D808}"
EndProject
Project("{F184B08F-C81C-45F6-A57F-5ABD9991F28F}") = "Practice2_DecisionMakingSelect", "Practice2_DecisionMakingSelect\Practice2_DecisionMakingSelect.vbproj", "{09D9576C-7750-49A5-B4DD-22CA5AF2E7D4}"
EndProject
Project("{F184B08F-C81C-45F6-A57F-5ABD9991F28F}") = "Demo1_Randomizer", "Demo1_Randomizer\Demo1_Randomizer.vbproj", "{F112D908-60D2-4AE1-8136-66A7CE655363}"
EndProject
Project("{F184B08F-C81C-45F6-A57F-5ABD9991F28F}") = "Practice3_DecisionMakingForNext", "Practice2_DecisionMakingForNext\Practice3_DecisionMakingForNext.vbproj", "{047C7380-F358-4523-9B4E-B39C08E9821E}"
EndProject
Project("{F184B08F-C81C-45F6-A57F-5ABD9991F28F}") = "Demo2_Palindrome", "Demo2_Palindrome\Demo2_Palindrome.vbproj", "{0BC600B9-9205-43E7-98DA-7BCBCBEDD851}"
EndProject
Project("{F184B08F-C81C-45F6-A57F-5ABD9991F28F}") = "Demo3_DecisionMakingExitContinueFor", "Demo3_DecisionMakingExitContinueFor\Demo3_DecisionMakingExitContinueFor.vbproj", "{6914727F-8EDC-4587-BF3E-4FBE17581EB7}"
EndProject
Project("{F184B08F-C81C-45F6-A57F-5ABD9991F28F}") = "Practice4_While", "Practice3_While\Practice4_While.vbproj", "{0D80A380-B0BA-4985-80DE-57A331392C3F}"
EndProject
Project("{2150E333-8FDC-42A3-9474-1A3956D46DE8}") = "Demostraciones", "Demostraciones", "{F0F7F988-90ED-419F-B26F-C640E2DD01BE}"
EndProject
Project("{F184B08F-C81C-45F6-A57F-5ABD9991F28F}") = "Demo4_Loop", "Demo4_Loop\Demo4_Loop.vbproj", "{CB16CB64-3D5B-4D29-9A33-B7EBD8FADE3B}"
EndProject
Project("{F184B08F-C81C-45F6-A57F-5ABD9991F28F}") = "Demo5_Procedures", "Demo5_Procedures\Demo5_Procedures.vbproj", "{929C7AC8-08A8-4473-941B-B1528D13961D}"
EndProject
Project("{F184B08F-C81C-45F6-A57F-5ABD9991F28F}") = "Demo6_Functions", "Demo6_Functions\Demo6_Functions.vbproj", "{EB3BA834-7DD8-42A3-8CE1-D81D6C5C05DC}"
EndProject
Project("{F184B08F-C81C-45F6-A57F-5ABD9991F28F}") = "Demo7_ExceptionHandling", "Demo7_ExceptionHandling\Demo7_ExceptionHandling.vbproj", "{293D6DA3-9F9E-429D-B0B8-EC179AD6E970}"
EndProject
Project("{F184B08F-C81C-45F6-A57F-5ABD9991F28F}") = "Practice5_ProcFuncErrHand", "Practice4_ProcFuncErrHand\Practice5_ProcFuncErrHand.vbproj", "{CE56E739-6B3A-402C-988A-A2B3B23ECF81}"
EndProject
Project("{F184B08F-C81C-45F6-A57F-5ABD9991F28F}") = "Practice1_Classes", "Practice1_Classes\Practice1_Classes.vbproj", "{4A5BB5F7-5A0D-4C4B-9A45-A240B69FB8D0}"
EndProject
Project("{F184B08F-C81C-45F6-A57F-5ABD9991F28F}") = "Demo1_ValueTypes", "Demo1_TypesAssemblies\Demo1_ValueTypes.vbproj", "{8CDBD7D9-1DAC-4B8E-9FD9-CE8A2F7A0FFB}"
EndProject
Project("{F184B08F-C81C-45F6-A57F-5ABD9991F28F}") = "Demo2_RefTypes", "Demo2_RefTypes\Demo2_RefTypes.vbproj", "{625C8FD6-6734-4F13-9BDA-3EBC4FD95FFA}"
EndProject
Project("{F184B08F-C81C-45F6-A57F-5ABD9991F28F}") = "Demo1_StaticClasses", "Demo1_StaticClasses\Demo1_StaticClasses.vbproj", "{91D09CDD-A4BE-45AF-B529-0353C664C7FB}"
EndProject
Project("{F184B08F-C81C-45F6-A57F-5ABD9991F28F}") = "Practice5_ProcFuncErrHandBis", "Practice5_ProcFuncErrHandBis\Practice5_ProcFuncErrHandBis.vbproj", "{E96EEB9D-D06E-44D4-B0AE-4258B4A257AA}"
EndProject
Project("{F184B08F-C81C-45F6-A57F-5ABD9991F28F}") = "PracticaN_Classes", "PracticaN_Classes\PracticaN_Classes.vbproj", "{7B6A9378-9CFD-4B09-B06F-9124431B9899}"
EndProject
Project("{2150E333-8FDC-42A3-9474-1A3956D46DE8}") = "Dia 1", "Dia 1", "{553C7C1B-C961-4732-BD2F-68861B47D274}"
EndProject
Project("{2150E333-8FDC-42A3-9474-1A3956D46DE8}") = "Dia 2", "Dia 2", "{04D3C632-C5E4-4493-92A4-5AEB1A56AA59}"
EndProject
Project("{F184B08F-C81C-45F6-A57F-5ABD9991F28F}") = "Practice_Herencia", "Practice_Herencia\Practice_Herencia.vbproj", "{B4D85949-DDA0-4556-A8E6-FF2D41E83353}"
EndProject
Project("{F184B08F-C81C-45F6-A57F-5ABD9991F28F}") = "Practice_CustomException", "Practice_CustomException\Practice_CustomException.vbproj", "{305728BC-48C7-474E-ACED-B22D6C4F87C2}"
EndProject
Project("{F184B08F-C81C-45F6-A57F-5ABD9991F28F}") = "Demo_AbstractClass", "Demo_AbstractClass\Demo_AbstractClass.vbproj", "{282448B8-B544-4CFD-8E01-E3B9B8DFEB63}"
EndProject
Project("{F184B08F-C81C-45F6-A57F-5ABD9991F28F}") = "Demo_Constructores", "Demo_Constructores\Demo_Constructores.vbproj", "{630E5F10-4AA9-459C-BE9B-9F8AF337F357}"
EndProject
Project("{2150E333-8FDC-42A3-9474-1A3956D46DE8}") = "Interfaces", "Interfaces", "{026B3B97-0174-4D35-AE8B-8255CF9C35EE}"
EndProject
Project("{F184B08F-C81C-45F6-A57F-5ABD9991F28F}") = "Common", "Common\Common.vbproj", "{B1B0FAE1-D82E-4399-8EE6-EE400EF3B2E6}"
EndProject
Project("{F184B08F-C81C-45F6-A57F-5ABD9991F28F}") = "People.Library", "People.Library\People.Library.vbproj", "{D90B0600-ED39-43EA-9BF9-F6C2B3AA612E}"
EndProject
Project("{F184B08F-C81C-45F6-A57F-5ABD9991F28F}") = "TestInterfaces", "TestInterfaces\TestInterfaces.vbproj", "{89341B73-CD3A-4C2B-BC50-20ADA56E66B3}"
EndProject
Project("{2150E333-8FDC-42A3-9474-1A3956D46DE8}") = "Dia 3", "Dia 3", "{29951389-9930-4565-88AD-857F50850CDF}"
EndProject
Project("{2150E333-8FDC-42A3-9474-1A3956D46DE8}") = "1. XML", "1. XML", "{E908FA46-C4D4-4102-8D27-D2E749B3A9CD}"
EndProject
Project("{2150E333-8FDC-42A3-9474-1A3956D46DE8}") = "2. Servicios WCF", "2. Servicios WCF", "{FE7362F2-AF46-407A-B2A4-5ED20CE9C5A0}"
EndProject
Project("{2150E333-8FDC-42A3-9474-1A3956D46DE8}") = "3. Servicios REST", "3. Servicios REST", "{36DDFC1B-D365-4FD5-8499-A9C27EEB4275}"
EndProject
Project("{2150E333-8FDC-42A3-9474-1A3956D46DE8}") = "4. Servicio Windows", "4. Servicio Windows", "{544C8EBD-B16C-4A06-87D3-F1EC1445E991}"
EndProject
Project("{F184B08F-C81C-45F6-A57F-5ABD9991F28F}") = "ProcesaArchivos", "ProcesaArchivos\ProcesaArchivos.vbproj", "{823AB5AA-F0CC-4AD3-A957-7E8577EB8442}"
EndProject
Project("{F184B08F-C81C-45F6-A57F-5ABD9991F28F}") = "ServicioREST", "ServicioREST\ServicioREST.vbproj", "{6D212291-9D3F-42A0-B946-823E59747621}"
EndProject
Project("{F184B08F-C81C-45F6-A57F-5ABD9991F28F}") = "ServicioWCF", "ServicioWCF\ServicioWCF.vbproj", "{E0C9FA50-CE98-4443-B43D-8F6FE117BCFB}"
EndProject
Project("{F184B08F-C81C-45F6-A57F-5ABD9991F28F}") = "XML", "XML\XML.vbproj", "{E4A5358A-01D3-46D9-ACCE-8B4C7DF39803}"
EndProject
Project("{2150E333-8FDC-42A3-9474-1A3956D46DE8}") = "Classes", "Classes", "{E568BB25-7D83-4B68-80C7-79C1F3B95C73}"
EndProject
Project("{F184B08F-C81C-45F6-A57F-5ABD9991F28F}") = "Calculadora", "Calculadora\Calculadora.vbproj", "{CCE08E66-86BB-4CAB-8A01-7AF7D199A768}"
EndProject
Project("{F184B08F-C81C-45F6-A57F-5ABD9991F28F}") = "Framwork.Incmnsz", "Framwork.Incmnsz\Framwork.Incmnsz.vbproj", "{8F1E4BFE-BEE7-46CD-99D6-2B59DB851085}"
EndProject
Project("{F184B08F-C81C-45F6-A57F-5ABD9991F28F}") = "Datos.Incmnsz", "Datos.Incmnsz\Datos.Incmnsz.vbproj", "{B05E6B43-68C5-444E-8B42-3667B055C2CC}"
EndProject
Project("{F184B08F-C81C-45F6-A57F-5ABD9991F28F}") = "Listas.Incmnsz", "Listas.Incmnsz\Listas.Incmnsz.vbproj", "{E56587AF-E3ED-4B23-B60D-CA16D267E3DE}"
EndProject
Project("{F184B08F-C81C-45F6-A57F-5ABD9991F28F}") = "VisorPersonas", "VisorPersonas\VisorPersonas.vbproj", "{DFE3AA81-09C9-4537-99DF-B94699B40E37}"
EndProject
Project("{2150E333-8FDC-42A3-9474-1A3956D46DE8}") = "Demostraciones", "Demostraciones", "{71432EB6-9A90-4441-B89B-7F2107C7EFFF}"
EndProject
Project("{2150E333-8FDC-42A3-9474-1A3956D46DE8}") = "Practicas", "Practicas", "{B8E8C6A6-7ADE-460A-B717-E96A6D0F5AD4}"
EndProject
Global
	GlobalSection(SolutionConfigurationPlatforms) = preSolution
		Debug|Any CPU = Debug|Any CPU
		Debug|x86 = Debug|x86
		Release|Any CPU = Release|Any CPU
		Release|x86 = Release|x86
	EndGlobalSection
	GlobalSection(ProjectConfigurationPlatforms) = postSolution
		{553E55EC-3464-40FE-AC32-BB756E755440}.Debug|Any CPU.ActiveCfg = Debug|Any CPU
		{553E55EC-3464-40FE-AC32-BB756E755440}.Debug|Any CPU.Build.0 = Debug|Any CPU
		{553E55EC-3464-40FE-AC32-BB756E755440}.Debug|x86.ActiveCfg = Debug|Any CPU
		{553E55EC-3464-40FE-AC32-BB756E755440}.Debug|x86.Build.0 = Debug|Any CPU
		{553E55EC-3464-40FE-AC32-BB756E755440}.Release|Any CPU.ActiveCfg = Release|Any CPU
		{553E55EC-3464-40FE-AC32-BB756E755440}.Release|Any CPU.Build.0 = Release|Any CPU
		{553E55EC-3464-40FE-AC32-BB756E755440}.Release|x86.ActiveCfg = Release|Any CPU
		{553E55EC-3464-40FE-AC32-BB756E755440}.Release|x86.Build.0 = Release|Any CPU
		{A3D17ADD-B458-4532-9EC9-F639DC8EB3BB}.Debug|Any CPU.ActiveCfg = Debug|Any CPU
		{A3D17ADD-B458-4532-9EC9-F639DC8EB3BB}.Debug|Any CPU.Build.0 = Debug|Any CPU
		{A3D17ADD-B458-4532-9EC9-F639DC8EB3BB}.Debug|x86.ActiveCfg = Debug|Any CPU
		{A3D17ADD-B458-4532-9EC9-F639DC8EB3BB}.Debug|x86.Build.0 = Debug|Any CPU
		{A3D17ADD-B458-4532-9EC9-F639DC8EB3BB}.Release|Any CPU.ActiveCfg = Release|Any CPU
		{A3D17ADD-B458-4532-9EC9-F639DC8EB3BB}.Release|Any CPU.Build.0 = Release|Any CPU
		{A3D17ADD-B458-4532-9EC9-F639DC8EB3BB}.Release|x86.ActiveCfg = Release|Any CPU
		{A3D17ADD-B458-4532-9EC9-F639DC8EB3BB}.Release|x86.Build.0 = Release|Any CPU
		{3E7549A8-E22A-497F-80A4-624AE90096FA}.Debug|Any CPU.ActiveCfg = Debug|Any CPU
		{3E7549A8-E22A-497F-80A4-624AE90096FA}.Debug|Any CPU.Build.0 = Debug|Any CPU
		{3E7549A8-E22A-497F-80A4-624AE90096FA}.Debug|x86.ActiveCfg = Debug|Any CPU
		{3E7549A8-E22A-497F-80A4-624AE90096FA}.Debug|x86.Build.0 = Debug|Any CPU
		{3E7549A8-E22A-497F-80A4-624AE90096FA}.Release|Any CPU.ActiveCfg = Release|Any CPU
		{3E7549A8-E22A-497F-80A4-624AE90096FA}.Release|Any CPU.Build.0 = Release|Any CPU
		{3E7549A8-E22A-497F-80A4-624AE90096FA}.Release|x86.ActiveCfg = Release|Any CPU
		{3E7549A8-E22A-497F-80A4-624AE90096FA}.Release|x86.Build.0 = Release|Any CPU
		{7E12A6B6-CAAD-46E2-ADBF-84F387A5986E}.Debug|Any CPU.ActiveCfg = Debug|Any CPU
		{7E12A6B6-CAAD-46E2-ADBF-84F387A5986E}.Debug|Any CPU.Build.0 = Debug|Any CPU
		{7E12A6B6-CAAD-46E2-ADBF-84F387A5986E}.Debug|x86.ActiveCfg = Debug|Any CPU
		{7E12A6B6-CAAD-46E2-ADBF-84F387A5986E}.Debug|x86.Build.0 = Debug|Any CPU
		{7E12A6B6-CAAD-46E2-ADBF-84F387A5986E}.Release|Any CPU.ActiveCfg = Release|Any CPU
		{7E12A6B6-CAAD-46E2-ADBF-84F387A5986E}.Release|Any CPU.Build.0 = Release|Any CPU
		{7E12A6B6-CAAD-46E2-ADBF-84F387A5986E}.Release|x86.ActiveCfg = Release|Any CPU
		{7E12A6B6-CAAD-46E2-ADBF-84F387A5986E}.Release|x86.Build.0 = Release|Any CPU
		{31064E22-BFE9-4DEC-9959-B02C04043F5F}.Debug|Any CPU.ActiveCfg = Debug|Any CPU
		{31064E22-BFE9-4DEC-9959-B02C04043F5F}.Debug|Any CPU.Build.0 = Debug|Any CPU
		{31064E22-BFE9-4DEC-9959-B02C04043F5F}.Debug|x86.ActiveCfg = Debug|Any CPU
		{31064E22-BFE9-4DEC-9959-B02C04043F5F}.Debug|x86.Build.0 = Debug|Any CPU
		{31064E22-BFE9-4DEC-9959-B02C04043F5F}.Release|Any CPU.ActiveCfg = Release|Any CPU
		{31064E22-BFE9-4DEC-9959-B02C04043F5F}.Release|Any CPU.Build.0 = Release|Any CPU
		{31064E22-BFE9-4DEC-9959-B02C04043F5F}.Release|x86.ActiveCfg = Release|Any CPU
		{31064E22-BFE9-4DEC-9959-B02C04043F5F}.Release|x86.Build.0 = Release|Any CPU
		{DD3BA730-EEBA-4186-ACE4-BD292C7825C4}.Debug|Any CPU.ActiveCfg = Debug|Any CPU
		{DD3BA730-EEBA-4186-ACE4-BD292C7825C4}.Debug|Any CPU.Build.0 = Debug|Any CPU
		{DD3BA730-EEBA-4186-ACE4-BD292C7825C4}.Debug|x86.ActiveCfg = Debug|Any CPU
		{DD3BA730-EEBA-4186-ACE4-BD292C7825C4}.Debug|x86.Build.0 = Debug|Any CPU
		{DD3BA730-EEBA-4186-ACE4-BD292C7825C4}.Release|Any CPU.ActiveCfg = Release|Any CPU
		{DD3BA730-EEBA-4186-ACE4-BD292C7825C4}.Release|Any CPU.Build.0 = Release|Any CPU
		{DD3BA730-EEBA-4186-ACE4-BD292C7825C4}.Release|x86.ActiveCfg = Release|Any CPU
		{DD3BA730-EEBA-4186-ACE4-BD292C7825C4}.Release|x86.Build.0 = Release|Any CPU
		{3B35D111-6D9F-4387-BE38-DA77128971F6}.Debug|Any CPU.ActiveCfg = Debug|Any CPU
		{3B35D111-6D9F-4387-BE38-DA77128971F6}.Debug|Any CPU.Build.0 = Debug|Any CPU
		{3B35D111-6D9F-4387-BE38-DA77128971F6}.Debug|x86.ActiveCfg = Debug|Any CPU
		{3B35D111-6D9F-4387-BE38-DA77128971F6}.Debug|x86.Build.0 = Debug|Any CPU
		{3B35D111-6D9F-4387-BE38-DA77128971F6}.Release|Any CPU.ActiveCfg = Release|Any CPU
		{3B35D111-6D9F-4387-BE38-DA77128971F6}.Release|Any CPU.Build.0 = Release|Any CPU
		{3B35D111-6D9F-4387-BE38-DA77128971F6}.Release|x86.ActiveCfg = Release|Any CPU
		{3B35D111-6D9F-4387-BE38-DA77128971F6}.Release|x86.Build.0 = Release|Any CPU
		{041E38BB-DD2E-4F02-BD2D-D89F3FCCFFA8}.Debug|Any CPU.ActiveCfg = Debug|Any CPU
		{041E38BB-DD2E-4F02-BD2D-D89F3FCCFFA8}.Debug|Any CPU.Build.0 = Debug|Any CPU
		{041E38BB-DD2E-4F02-BD2D-D89F3FCCFFA8}.Debug|x86.ActiveCfg = Debug|Any CPU
		{041E38BB-DD2E-4F02-BD2D-D89F3FCCFFA8}.Debug|x86.Build.0 = Debug|Any CPU
		{041E38BB-DD2E-4F02-BD2D-D89F3FCCFFA8}.Release|Any CPU.ActiveCfg = Release|Any CPU
		{041E38BB-DD2E-4F02-BD2D-D89F3FCCFFA8}.Release|Any CPU.Build.0 = Release|Any CPU
		{041E38BB-DD2E-4F02-BD2D-D89F3FCCFFA8}.Release|x86.ActiveCfg = Release|Any CPU
		{041E38BB-DD2E-4F02-BD2D-D89F3FCCFFA8}.Release|x86.Build.0 = Release|Any CPU
		{24162E20-3C24-43D5-BB43-B53197F0D808}.Debug|Any CPU.ActiveCfg = Debug|Any CPU
		{24162E20-3C24-43D5-BB43-B53197F0D808}.Debug|Any CPU.Build.0 = Debug|Any CPU
		{24162E20-3C24-43D5-BB43-B53197F0D808}.Debug|x86.ActiveCfg = Debug|Any CPU
		{24162E20-3C24-43D5-BB43-B53197F0D808}.Debug|x86.Build.0 = Debug|Any CPU
		{24162E20-3C24-43D5-BB43-B53197F0D808}.Release|Any CPU.ActiveCfg = Release|Any CPU
		{24162E20-3C24-43D5-BB43-B53197F0D808}.Release|Any CPU.Build.0 = Release|Any CPU
		{24162E20-3C24-43D5-BB43-B53197F0D808}.Release|x86.ActiveCfg = Release|Any CPU
		{24162E20-3C24-43D5-BB43-B53197F0D808}.Release|x86.Build.0 = Release|Any CPU
		{09D9576C-7750-49A5-B4DD-22CA5AF2E7D4}.Debug|Any CPU.ActiveCfg = Debug|Any CPU
		{09D9576C-7750-49A5-B4DD-22CA5AF2E7D4}.Debug|Any CPU.Build.0 = Debug|Any CPU
		{09D9576C-7750-49A5-B4DD-22CA5AF2E7D4}.Debug|x86.ActiveCfg = Debug|Any CPU
		{09D9576C-7750-49A5-B4DD-22CA5AF2E7D4}.Debug|x86.Build.0 = Debug|Any CPU
		{09D9576C-7750-49A5-B4DD-22CA5AF2E7D4}.Release|Any CPU.ActiveCfg = Release|Any CPU
		{09D9576C-7750-49A5-B4DD-22CA5AF2E7D4}.Release|Any CPU.Build.0 = Release|Any CPU
		{09D9576C-7750-49A5-B4DD-22CA5AF2E7D4}.Release|x86.ActiveCfg = Release|Any CPU
		{09D9576C-7750-49A5-B4DD-22CA5AF2E7D4}.Release|x86.Build.0 = Release|Any CPU
		{F112D908-60D2-4AE1-8136-66A7CE655363}.Debug|Any CPU.ActiveCfg = Debug|Any CPU
		{F112D908-60D2-4AE1-8136-66A7CE655363}.Debug|Any CPU.Build.0 = Debug|Any CPU
		{F112D908-60D2-4AE1-8136-66A7CE655363}.Debug|x86.ActiveCfg = Debug|Any CPU
		{F112D908-60D2-4AE1-8136-66A7CE655363}.Debug|x86.Build.0 = Debug|Any CPU
		{F112D908-60D2-4AE1-8136-66A7CE655363}.Release|Any CPU.ActiveCfg = Release|Any CPU
		{F112D908-60D2-4AE1-8136-66A7CE655363}.Release|Any CPU.Build.0 = Release|Any CPU
		{F112D908-60D2-4AE1-8136-66A7CE655363}.Release|x86.ActiveCfg = Release|Any CPU
		{F112D908-60D2-4AE1-8136-66A7CE655363}.Release|x86.Build.0 = Release|Any CPU
		{047C7380-F358-4523-9B4E-B39C08E9821E}.Debug|Any CPU.ActiveCfg = Debug|Any CPU
		{047C7380-F358-4523-9B4E-B39C08E9821E}.Debug|Any CPU.Build.0 = Debug|Any CPU
		{047C7380-F358-4523-9B4E-B39C08E9821E}.Debug|x86.ActiveCfg = Debug|Any CPU
		{047C7380-F358-4523-9B4E-B39C08E9821E}.Debug|x86.Build.0 = Debug|Any CPU
		{047C7380-F358-4523-9B4E-B39C08E9821E}.Release|Any CPU.ActiveCfg = Release|Any CPU
		{047C7380-F358-4523-9B4E-B39C08E9821E}.Release|Any CPU.Build.0 = Release|Any CPU
		{047C7380-F358-4523-9B4E-B39C08E9821E}.Release|x86.ActiveCfg = Release|Any CPU
		{047C7380-F358-4523-9B4E-B39C08E9821E}.Release|x86.Build.0 = Release|Any CPU
		{0BC600B9-9205-43E7-98DA-7BCBCBEDD851}.Debug|Any CPU.ActiveCfg = Debug|Any CPU
		{0BC600B9-9205-43E7-98DA-7BCBCBEDD851}.Debug|Any CPU.Build.0 = Debug|Any CPU
		{0BC600B9-9205-43E7-98DA-7BCBCBEDD851}.Debug|x86.ActiveCfg = Debug|Any CPU
		{0BC600B9-9205-43E7-98DA-7BCBCBEDD851}.Debug|x86.Build.0 = Debug|Any CPU
		{0BC600B9-9205-43E7-98DA-7BCBCBEDD851}.Release|Any CPU.ActiveCfg = Release|Any CPU
		{0BC600B9-9205-43E7-98DA-7BCBCBEDD851}.Release|Any CPU.Build.0 = Release|Any CPU
		{0BC600B9-9205-43E7-98DA-7BCBCBEDD851}.Release|x86.ActiveCfg = Release|Any CPU
		{0BC600B9-9205-43E7-98DA-7BCBCBEDD851}.Release|x86.Build.0 = Release|Any CPU
		{6914727F-8EDC-4587-BF3E-4FBE17581EB7}.Debug|Any CPU.ActiveCfg = Debug|Any CPU
		{6914727F-8EDC-4587-BF3E-4FBE17581EB7}.Debug|Any CPU.Build.0 = Debug|Any CPU
		{6914727F-8EDC-4587-BF3E-4FBE17581EB7}.Debug|x86.ActiveCfg = Debug|Any CPU
		{6914727F-8EDC-4587-BF3E-4FBE17581EB7}.Debug|x86.Build.0 = Debug|Any CPU
		{6914727F-8EDC-4587-BF3E-4FBE17581EB7}.Release|Any CPU.ActiveCfg = Release|Any CPU
		{6914727F-8EDC-4587-BF3E-4FBE17581EB7}.Release|Any CPU.Build.0 = Release|Any CPU
		{6914727F-8EDC-4587-BF3E-4FBE17581EB7}.Release|x86.ActiveCfg = Release|Any CPU
		{6914727F-8EDC-4587-BF3E-4FBE17581EB7}.Release|x86.Build.0 = Release|Any CPU
		{0D80A380-B0BA-4985-80DE-57A331392C3F}.Debug|Any CPU.ActiveCfg = Debug|Any CPU
		{0D80A380-B0BA-4985-80DE-57A331392C3F}.Debug|Any CPU.Build.0 = Debug|Any CPU
		{0D80A380-B0BA-4985-80DE-57A331392C3F}.Debug|x86.ActiveCfg = Debug|Any CPU
		{0D80A380-B0BA-4985-80DE-57A331392C3F}.Debug|x86.Build.0 = Debug|Any CPU
		{0D80A380-B0BA-4985-80DE-57A331392C3F}.Release|Any CPU.ActiveCfg = Release|Any CPU
		{0D80A380-B0BA-4985-80DE-57A331392C3F}.Release|Any CPU.Build.0 = Release|Any CPU
		{0D80A380-B0BA-4985-80DE-57A331392C3F}.Release|x86.ActiveCfg = Release|Any CPU
		{0D80A380-B0BA-4985-80DE-57A331392C3F}.Release|x86.Build.0 = Release|Any CPU
		{CB16CB64-3D5B-4D29-9A33-B7EBD8FADE3B}.Debug|Any CPU.ActiveCfg = Debug|Any CPU
		{CB16CB64-3D5B-4D29-9A33-B7EBD8FADE3B}.Debug|Any CPU.Build.0 = Debug|Any CPU
		{CB16CB64-3D5B-4D29-9A33-B7EBD8FADE3B}.Debug|x86.ActiveCfg = Debug|Any CPU
		{CB16CB64-3D5B-4D29-9A33-B7EBD8FADE3B}.Debug|x86.Build.0 = Debug|Any CPU
		{CB16CB64-3D5B-4D29-9A33-B7EBD8FADE3B}.Release|Any CPU.ActiveCfg = Release|Any CPU
		{CB16CB64-3D5B-4D29-9A33-B7EBD8FADE3B}.Release|Any CPU.Build.0 = Release|Any CPU
		{CB16CB64-3D5B-4D29-9A33-B7EBD8FADE3B}.Release|x86.ActiveCfg = Release|Any CPU
		{CB16CB64-3D5B-4D29-9A33-B7EBD8FADE3B}.Release|x86.Build.0 = Release|Any CPU
		{929C7AC8-08A8-4473-941B-B1528D13961D}.Debug|Any CPU.ActiveCfg = Debug|Any CPU
		{929C7AC8-08A8-4473-941B-B1528D13961D}.Debug|Any CPU.Build.0 = Debug|Any CPU
		{929C7AC8-08A8-4473-941B-B1528D13961D}.Debug|x86.ActiveCfg = Debug|Any CPU
		{929C7AC8-08A8-4473-941B-B1528D13961D}.Debug|x86.Build.0 = Debug|Any CPU
		{929C7AC8-08A8-4473-941B-B1528D13961D}.Release|Any CPU.ActiveCfg = Release|Any CPU
		{929C7AC8-08A8-4473-941B-B1528D13961D}.Release|Any CPU.Build.0 = Release|Any CPU
		{929C7AC8-08A8-4473-941B-B1528D13961D}.Release|x86.ActiveCfg = Release|Any CPU
		{929C7AC8-08A8-4473-941B-B1528D13961D}.Release|x86.Build.0 = Release|Any CPU
		{EB3BA834-7DD8-42A3-8CE1-D81D6C5C05DC}.Debug|Any CPU.ActiveCfg = Debug|Any CPU
		{EB3BA834-7DD8-42A3-8CE1-D81D6C5C05DC}.Debug|Any CPU.Build.0 = Debug|Any CPU
		{EB3BA834-7DD8-42A3-8CE1-D81D6C5C05DC}.Debug|x86.ActiveCfg = Debug|Any CPU
		{EB3BA834-7DD8-42A3-8CE1-D81D6C5C05DC}.Debug|x86.Build.0 = Debug|Any CPU
		{EB3BA834-7DD8-42A3-8CE1-D81D6C5C05DC}.Release|Any CPU.ActiveCfg = Release|Any CPU
		{EB3BA834-7DD8-42A3-8CE1-D81D6C5C05DC}.Release|Any CPU.Build.0 = Release|Any CPU
		{EB3BA834-7DD8-42A3-8CE1-D81D6C5C05DC}.Release|x86.ActiveCfg = Release|Any CPU
		{EB3BA834-7DD8-42A3-8CE1-D81D6C5C05DC}.Release|x86.Build.0 = Release|Any CPU
		{293D6DA3-9F9E-429D-B0B8-EC179AD6E970}.Debug|Any CPU.ActiveCfg = Debug|Any CPU
		{293D6DA3-9F9E-429D-B0B8-EC179AD6E970}.Debug|Any CPU.Build.0 = Debug|Any CPU
		{293D6DA3-9F9E-429D-B0B8-EC179AD6E970}.Debug|x86.ActiveCfg = Debug|Any CPU
		{293D6DA3-9F9E-429D-B0B8-EC179AD6E970}.Debug|x86.Build.0 = Debug|Any CPU
		{293D6DA3-9F9E-429D-B0B8-EC179AD6E970}.Release|Any CPU.ActiveCfg = Release|Any CPU
		{293D6DA3-9F9E-429D-B0B8-EC179AD6E970}.Release|Any CPU.Build.0 = Release|Any CPU
		{293D6DA3-9F9E-429D-B0B8-EC179AD6E970}.Release|x86.ActiveCfg = Release|Any CPU
		{293D6DA3-9F9E-429D-B0B8-EC179AD6E970}.Release|x86.Build.0 = Release|Any CPU
		{CE56E739-6B3A-402C-988A-A2B3B23ECF81}.Debug|Any CPU.ActiveCfg = Debug|Any CPU
		{CE56E739-6B3A-402C-988A-A2B3B23ECF81}.Debug|Any CPU.Build.0 = Debug|Any CPU
		{CE56E739-6B3A-402C-988A-A2B3B23ECF81}.Debug|x86.ActiveCfg = Debug|Any CPU
		{CE56E739-6B3A-402C-988A-A2B3B23ECF81}.Debug|x86.Build.0 = Debug|Any CPU
		{CE56E739-6B3A-402C-988A-A2B3B23ECF81}.Release|Any CPU.ActiveCfg = Release|Any CPU
		{CE56E739-6B3A-402C-988A-A2B3B23ECF81}.Release|Any CPU.Build.0 = Release|Any CPU
		{CE56E739-6B3A-402C-988A-A2B3B23ECF81}.Release|x86.ActiveCfg = Release|Any CPU
		{CE56E739-6B3A-402C-988A-A2B3B23ECF81}.Release|x86.Build.0 = Release|Any CPU
		{4A5BB5F7-5A0D-4C4B-9A45-A240B69FB8D0}.Debug|Any CPU.ActiveCfg = Debug|Any CPU
		{4A5BB5F7-5A0D-4C4B-9A45-A240B69FB8D0}.Debug|Any CPU.Build.0 = Debug|Any CPU
		{4A5BB5F7-5A0D-4C4B-9A45-A240B69FB8D0}.Debug|x86.ActiveCfg = Debug|Any CPU
		{4A5BB5F7-5A0D-4C4B-9A45-A240B69FB8D0}.Debug|x86.Build.0 = Debug|Any CPU
		{4A5BB5F7-5A0D-4C4B-9A45-A240B69FB8D0}.Release|Any CPU.ActiveCfg = Release|Any CPU
		{4A5BB5F7-5A0D-4C4B-9A45-A240B69FB8D0}.Release|Any CPU.Build.0 = Release|Any CPU
		{4A5BB5F7-5A0D-4C4B-9A45-A240B69FB8D0}.Release|x86.ActiveCfg = Release|Any CPU
		{4A5BB5F7-5A0D-4C4B-9A45-A240B69FB8D0}.Release|x86.Build.0 = Release|Any CPU
		{8CDBD7D9-1DAC-4B8E-9FD9-CE8A2F7A0FFB}.Debug|Any CPU.ActiveCfg = Debug|Any CPU
		{8CDBD7D9-1DAC-4B8E-9FD9-CE8A2F7A0FFB}.Debug|Any CPU.Build.0 = Debug|Any CPU
		{8CDBD7D9-1DAC-4B8E-9FD9-CE8A2F7A0FFB}.Debug|x86.ActiveCfg = Debug|Any CPU
		{8CDBD7D9-1DAC-4B8E-9FD9-CE8A2F7A0FFB}.Debug|x86.Build.0 = Debug|Any CPU
		{8CDBD7D9-1DAC-4B8E-9FD9-CE8A2F7A0FFB}.Release|Any CPU.ActiveCfg = Release|Any CPU
		{8CDBD7D9-1DAC-4B8E-9FD9-CE8A2F7A0FFB}.Release|Any CPU.Build.0 = Release|Any CPU
		{8CDBD7D9-1DAC-4B8E-9FD9-CE8A2F7A0FFB}.Release|x86.ActiveCfg = Release|Any CPU
		{8CDBD7D9-1DAC-4B8E-9FD9-CE8A2F7A0FFB}.Release|x86.Build.0 = Release|Any CPU
		{625C8FD6-6734-4F13-9BDA-3EBC4FD95FFA}.Debug|Any CPU.ActiveCfg = Debug|Any CPU
		{625C8FD6-6734-4F13-9BDA-3EBC4FD95FFA}.Debug|Any CPU.Build.0 = Debug|Any CPU
		{625C8FD6-6734-4F13-9BDA-3EBC4FD95FFA}.Debug|x86.ActiveCfg = Debug|Any CPU
		{625C8FD6-6734-4F13-9BDA-3EBC4FD95FFA}.Debug|x86.Build.0 = Debug|Any CPU
		{625C8FD6-6734-4F13-9BDA-3EBC4FD95FFA}.Release|Any CPU.ActiveCfg = Release|Any CPU
		{625C8FD6-6734-4F13-9BDA-3EBC4FD95FFA}.Release|Any CPU.Build.0 = Release|Any CPU
		{625C8FD6-6734-4F13-9BDA-3EBC4FD95FFA}.Release|x86.ActiveCfg = Release|Any CPU
		{625C8FD6-6734-4F13-9BDA-3EBC4FD95FFA}.Release|x86.Build.0 = Release|Any CPU
		{91D09CDD-A4BE-45AF-B529-0353C664C7FB}.Debug|Any CPU.ActiveCfg = Debug|Any CPU
		{91D09CDD-A4BE-45AF-B529-0353C664C7FB}.Debug|Any CPU.Build.0 = Debug|Any CPU
		{91D09CDD-A4BE-45AF-B529-0353C664C7FB}.Debug|x86.ActiveCfg = Debug|Any CPU
		{91D09CDD-A4BE-45AF-B529-0353C664C7FB}.Debug|x86.Build.0 = Debug|Any CPU
		{91D09CDD-A4BE-45AF-B529-0353C664C7FB}.Release|Any CPU.ActiveCfg = Release|Any CPU
		{91D09CDD-A4BE-45AF-B529-0353C664C7FB}.Release|Any CPU.Build.0 = Release|Any CPU
		{91D09CDD-A4BE-45AF-B529-0353C664C7FB}.Release|x86.ActiveCfg = Release|Any CPU
		{91D09CDD-A4BE-45AF-B529-0353C664C7FB}.Release|x86.Build.0 = Release|Any CPU
		{E96EEB9D-D06E-44D4-B0AE-4258B4A257AA}.Debug|Any CPU.ActiveCfg = Debug|Any CPU
		{E96EEB9D-D06E-44D4-B0AE-4258B4A257AA}.Debug|Any CPU.Build.0 = Debug|Any CPU
		{E96EEB9D-D06E-44D4-B0AE-4258B4A257AA}.Debug|x86.ActiveCfg = Debug|Any CPU
		{E96EEB9D-D06E-44D4-B0AE-4258B4A257AA}.Debug|x86.Build.0 = Debug|Any CPU
		{E96EEB9D-D06E-44D4-B0AE-4258B4A257AA}.Release|Any CPU.ActiveCfg = Release|Any CPU
		{E96EEB9D-D06E-44D4-B0AE-4258B4A257AA}.Release|Any CPU.Build.0 = Release|Any CPU
		{E96EEB9D-D06E-44D4-B0AE-4258B4A257AA}.Release|x86.ActiveCfg = Release|Any CPU
		{E96EEB9D-D06E-44D4-B0AE-4258B4A257AA}.Release|x86.Build.0 = Release|Any CPU
		{7B6A9378-9CFD-4B09-B06F-9124431B9899}.Debug|Any CPU.ActiveCfg = Debug|Any CPU
		{7B6A9378-9CFD-4B09-B06F-9124431B9899}.Debug|Any CPU.Build.0 = Debug|Any CPU
		{7B6A9378-9CFD-4B09-B06F-9124431B9899}.Debug|x86.ActiveCfg = Debug|Any CPU
		{7B6A9378-9CFD-4B09-B06F-9124431B9899}.Debug|x86.Build.0 = Debug|Any CPU
		{7B6A9378-9CFD-4B09-B06F-9124431B9899}.Release|Any CPU.ActiveCfg = Release|Any CPU
		{7B6A9378-9CFD-4B09-B06F-9124431B9899}.Release|Any CPU.Build.0 = Release|Any CPU
		{7B6A9378-9CFD-4B09-B06F-9124431B9899}.Release|x86.ActiveCfg = Release|Any CPU
		{7B6A9378-9CFD-4B09-B06F-9124431B9899}.Release|x86.Build.0 = Release|Any CPU
		{B4D85949-DDA0-4556-A8E6-FF2D41E83353}.Debug|Any CPU.ActiveCfg = Debug|Any CPU
		{B4D85949-DDA0-4556-A8E6-FF2D41E83353}.Debug|Any CPU.Build.0 = Debug|Any CPU
		{B4D85949-DDA0-4556-A8E6-FF2D41E83353}.Debug|x86.ActiveCfg = Debug|Any CPU
		{B4D85949-DDA0-4556-A8E6-FF2D41E83353}.Debug|x86.Build.0 = Debug|Any CPU
		{B4D85949-DDA0-4556-A8E6-FF2D41E83353}.Release|Any CPU.ActiveCfg = Release|Any CPU
		{B4D85949-DDA0-4556-A8E6-FF2D41E83353}.Release|Any CPU.Build.0 = Release|Any CPU
		{B4D85949-DDA0-4556-A8E6-FF2D41E83353}.Release|x86.ActiveCfg = Release|Any CPU
		{B4D85949-DDA0-4556-A8E6-FF2D41E83353}.Release|x86.Build.0 = Release|Any CPU
		{305728BC-48C7-474E-ACED-B22D6C4F87C2}.Debug|Any CPU.ActiveCfg = Debug|Any CPU
		{305728BC-48C7-474E-ACED-B22D6C4F87C2}.Debug|Any CPU.Build.0 = Debug|Any CPU
		{305728BC-48C7-474E-ACED-B22D6C4F87C2}.Debug|x86.ActiveCfg = Debug|Any CPU
		{305728BC-48C7-474E-ACED-B22D6C4F87C2}.Debug|x86.Build.0 = Debug|Any CPU
		{305728BC-48C7-474E-ACED-B22D6C4F87C2}.Release|Any CPU.ActiveCfg = Release|Any CPU
		{305728BC-48C7-474E-ACED-B22D6C4F87C2}.Release|Any CPU.Build.0 = Release|Any CPU
		{305728BC-48C7-474E-ACED-B22D6C4F87C2}.Release|x86.ActiveCfg = Release|Any CPU
		{305728BC-48C7-474E-ACED-B22D6C4F87C2}.Release|x86.Build.0 = Release|Any CPU
		{282448B8-B544-4CFD-8E01-E3B9B8DFEB63}.Debug|Any CPU.ActiveCfg = Debug|Any CPU
		{282448B8-B544-4CFD-8E01-E3B9B8DFEB63}.Debug|Any CPU.Build.0 = Debug|Any CPU
		{282448B8-B544-4CFD-8E01-E3B9B8DFEB63}.Debug|x86.ActiveCfg = Debug|Any CPU
		{282448B8-B544-4CFD-8E01-E3B9B8DFEB63}.Debug|x86.Build.0 = Debug|Any CPU
		{282448B8-B544-4CFD-8E01-E3B9B8DFEB63}.Release|Any CPU.ActiveCfg = Release|Any CPU
		{282448B8-B544-4CFD-8E01-E3B9B8DFEB63}.Release|Any CPU.Build.0 = Release|Any CPU
		{282448B8-B544-4CFD-8E01-E3B9B8DFEB63}.Release|x86.ActiveCfg = Release|Any CPU
		{282448B8-B544-4CFD-8E01-E3B9B8DFEB63}.Release|x86.Build.0 = Release|Any CPU
		{630E5F10-4AA9-459C-BE9B-9F8AF337F357}.Debug|Any CPU.ActiveCfg = Debug|Any CPU
		{630E5F10-4AA9-459C-BE9B-9F8AF337F357}.Debug|Any CPU.Build.0 = Debug|Any CPU
		{630E5F10-4AA9-459C-BE9B-9F8AF337F357}.Debug|x86.ActiveCfg = Debug|Any CPU
		{630E5F10-4AA9-459C-BE9B-9F8AF337F357}.Debug|x86.Build.0 = Debug|Any CPU
		{630E5F10-4AA9-459C-BE9B-9F8AF337F357}.Release|Any CPU.ActiveCfg = Release|Any CPU
		{630E5F10-4AA9-459C-BE9B-9F8AF337F357}.Release|Any CPU.Build.0 = Release|Any CPU
		{630E5F10-4AA9-459C-BE9B-9F8AF337F357}.Release|x86.ActiveCfg = Release|Any CPU
		{630E5F10-4AA9-459C-BE9B-9F8AF337F357}.Release|x86.Build.0 = Release|Any CPU
		{B1B0FAE1-D82E-4399-8EE6-EE400EF3B2E6}.Debug|Any CPU.ActiveCfg = Debug|Any CPU
		{B1B0FAE1-D82E-4399-8EE6-EE400EF3B2E6}.Debug|Any CPU.Build.0 = Debug|Any CPU
		{B1B0FAE1-D82E-4399-8EE6-EE400EF3B2E6}.Debug|x86.ActiveCfg = Debug|Any CPU
		{B1B0FAE1-D82E-4399-8EE6-EE400EF3B2E6}.Debug|x86.Build.0 = Debug|Any CPU
		{B1B0FAE1-D82E-4399-8EE6-EE400EF3B2E6}.Release|Any CPU.ActiveCfg = Release|Any CPU
		{B1B0FAE1-D82E-4399-8EE6-EE400EF3B2E6}.Release|Any CPU.Build.0 = Release|Any CPU
		{B1B0FAE1-D82E-4399-8EE6-EE400EF3B2E6}.Release|x86.ActiveCfg = Release|Any CPU
		{B1B0FAE1-D82E-4399-8EE6-EE400EF3B2E6}.Release|x86.Build.0 = Release|Any CPU
		{D90B0600-ED39-43EA-9BF9-F6C2B3AA612E}.Debug|Any CPU.ActiveCfg = Debug|Any CPU
		{D90B0600-ED39-43EA-9BF9-F6C2B3AA612E}.Debug|Any CPU.Build.0 = Debug|Any CPU
		{D90B0600-ED39-43EA-9BF9-F6C2B3AA612E}.Debug|x86.ActiveCfg = Debug|Any CPU
		{D90B0600-ED39-43EA-9BF9-F6C2B3AA612E}.Debug|x86.Build.0 = Debug|Any CPU
		{D90B0600-ED39-43EA-9BF9-F6C2B3AA612E}.Release|Any CPU.ActiveCfg = Release|Any CPU
		{D90B0600-ED39-43EA-9BF9-F6C2B3AA612E}.Release|Any CPU.Build.0 = Release|Any CPU
		{D90B0600-ED39-43EA-9BF9-F6C2B3AA612E}.Release|x86.ActiveCfg = Release|Any CPU
		{D90B0600-ED39-43EA-9BF9-F6C2B3AA612E}.Release|x86.Build.0 = Release|Any CPU
		{89341B73-CD3A-4C2B-BC50-20ADA56E66B3}.Debug|Any CPU.ActiveCfg = Debug|Any CPU
		{89341B73-CD3A-4C2B-BC50-20ADA56E66B3}.Debug|Any CPU.Build.0 = Debug|Any CPU
		{89341B73-CD3A-4C2B-BC50-20ADA56E66B3}.Debug|x86.ActiveCfg = Debug|Any CPU
		{89341B73-CD3A-4C2B-BC50-20ADA56E66B3}.Debug|x86.Build.0 = Debug|Any CPU
		{89341B73-CD3A-4C2B-BC50-20ADA56E66B3}.Release|Any CPU.ActiveCfg = Release|Any CPU
		{89341B73-CD3A-4C2B-BC50-20ADA56E66B3}.Release|Any CPU.Build.0 = Release|Any CPU
		{89341B73-CD3A-4C2B-BC50-20ADA56E66B3}.Release|x86.ActiveCfg = Release|Any CPU
		{89341B73-CD3A-4C2B-BC50-20ADA56E66B3}.Release|x86.Build.0 = Release|Any CPU
		{823AB5AA-F0CC-4AD3-A957-7E8577EB8442}.Debug|Any CPU.ActiveCfg = Debug|Any CPU
		{823AB5AA-F0CC-4AD3-A957-7E8577EB8442}.Debug|Any CPU.Build.0 = Debug|Any CPU
		{823AB5AA-F0CC-4AD3-A957-7E8577EB8442}.Debug|x86.ActiveCfg = Debug|Any CPU
		{823AB5AA-F0CC-4AD3-A957-7E8577EB8442}.Debug|x86.Build.0 = Debug|Any CPU
		{823AB5AA-F0CC-4AD3-A957-7E8577EB8442}.Release|Any CPU.ActiveCfg = Release|Any CPU
		{823AB5AA-F0CC-4AD3-A957-7E8577EB8442}.Release|Any CPU.Build.0 = Release|Any CPU
		{823AB5AA-F0CC-4AD3-A957-7E8577EB8442}.Release|x86.ActiveCfg = Release|Any CPU
		{823AB5AA-F0CC-4AD3-A957-7E8577EB8442}.Release|x86.Build.0 = Release|Any CPU
		{6D212291-9D3F-42A0-B946-823E59747621}.Debug|Any CPU.ActiveCfg = Debug|Any CPU
		{6D212291-9D3F-42A0-B946-823E59747621}.Debug|Any CPU.Build.0 = Debug|Any CPU
		{6D212291-9D3F-42A0-B946-823E59747621}.Debug|x86.ActiveCfg = Debug|Any CPU
		{6D212291-9D3F-42A0-B946-823E59747621}.Debug|x86.Build.0 = Debug|Any CPU
		{6D212291-9D3F-42A0-B946-823E59747621}.Release|Any CPU.ActiveCfg = Release|Any CPU
		{6D212291-9D3F-42A0-B946-823E59747621}.Release|Any CPU.Build.0 = Release|Any CPU
		{6D212291-9D3F-42A0-B946-823E59747621}.Release|x86.ActiveCfg = Release|Any CPU
		{6D212291-9D3F-42A0-B946-823E59747621}.Release|x86.Build.0 = Release|Any CPU
		{E0C9FA50-CE98-4443-B43D-8F6FE117BCFB}.Debug|Any CPU.ActiveCfg = Debug|Any CPU
		{E0C9FA50-CE98-4443-B43D-8F6FE117BCFB}.Debug|Any CPU.Build.0 = Debug|Any CPU
		{E0C9FA50-CE98-4443-B43D-8F6FE117BCFB}.Debug|x86.ActiveCfg = Debug|Any CPU
		{E0C9FA50-CE98-4443-B43D-8F6FE117BCFB}.Debug|x86.Build.0 = Debug|Any CPU
		{E0C9FA50-CE98-4443-B43D-8F6FE117BCFB}.Release|Any CPU.ActiveCfg = Release|Any CPU
		{E0C9FA50-CE98-4443-B43D-8F6FE117BCFB}.Release|Any CPU.Build.0 = Release|Any CPU
		{E0C9FA50-CE98-4443-B43D-8F6FE117BCFB}.Release|x86.ActiveCfg = Release|Any CPU
		{E0C9FA50-CE98-4443-B43D-8F6FE117BCFB}.Release|x86.Build.0 = Release|Any CPU
		{E4A5358A-01D3-46D9-ACCE-8B4C7DF39803}.Debug|Any CPU.ActiveCfg = Debug|Any CPU
		{E4A5358A-01D3-46D9-ACCE-8B4C7DF39803}.Debug|Any CPU.Build.0 = Debug|Any CPU
		{E4A5358A-01D3-46D9-ACCE-8B4C7DF39803}.Debug|x86.ActiveCfg = Debug|Any CPU
		{E4A5358A-01D3-46D9-ACCE-8B4C7DF39803}.Debug|x86.Build.0 = Debug|Any CPU
		{E4A5358A-01D3-46D9-ACCE-8B4C7DF39803}.Release|Any CPU.ActiveCfg = Release|Any CPU
		{E4A5358A-01D3-46D9-ACCE-8B4C7DF39803}.Release|Any CPU.Build.0 = Release|Any CPU
		{E4A5358A-01D3-46D9-ACCE-8B4C7DF39803}.Release|x86.ActiveCfg = Release|Any CPU
		{E4A5358A-01D3-46D9-ACCE-8B4C7DF39803}.Release|x86.Build.0 = Release|Any CPU
		{CCE08E66-86BB-4CAB-8A01-7AF7D199A768}.Debug|Any CPU.ActiveCfg = Debug|Any CPU
		{CCE08E66-86BB-4CAB-8A01-7AF7D199A768}.Debug|Any CPU.Build.0 = Debug|Any CPU
		{CCE08E66-86BB-4CAB-8A01-7AF7D199A768}.Debug|x86.ActiveCfg = Debug|Any CPU
		{CCE08E66-86BB-4CAB-8A01-7AF7D199A768}.Debug|x86.Build.0 = Debug|Any CPU
		{CCE08E66-86BB-4CAB-8A01-7AF7D199A768}.Release|Any CPU.ActiveCfg = Release|Any CPU
		{CCE08E66-86BB-4CAB-8A01-7AF7D199A768}.Release|Any CPU.Build.0 = Release|Any CPU
		{CCE08E66-86BB-4CAB-8A01-7AF7D199A768}.Release|x86.ActiveCfg = Release|Any CPU
		{CCE08E66-86BB-4CAB-8A01-7AF7D199A768}.Release|x86.Build.0 = Release|Any CPU
		{8F1E4BFE-BEE7-46CD-99D6-2B59DB851085}.Debug|Any CPU.ActiveCfg = Debug|Any CPU
		{8F1E4BFE-BEE7-46CD-99D6-2B59DB851085}.Debug|Any CPU.Build.0 = Debug|Any CPU
		{8F1E4BFE-BEE7-46CD-99D6-2B59DB851085}.Debug|x86.ActiveCfg = Debug|Any CPU
		{8F1E4BFE-BEE7-46CD-99D6-2B59DB851085}.Debug|x86.Build.0 = Debug|Any CPU
		{8F1E4BFE-BEE7-46CD-99D6-2B59DB851085}.Release|Any CPU.ActiveCfg = Release|Any CPU
		{8F1E4BFE-BEE7-46CD-99D6-2B59DB851085}.Release|Any CPU.Build.0 = Release|Any CPU
		{8F1E4BFE-BEE7-46CD-99D6-2B59DB851085}.Release|x86.ActiveCfg = Release|Any CPU
		{8F1E4BFE-BEE7-46CD-99D6-2B59DB851085}.Release|x86.Build.0 = Release|Any CPU
		{B05E6B43-68C5-444E-8B42-3667B055C2CC}.Debug|Any CPU.ActiveCfg = Debug|Any CPU
		{B05E6B43-68C5-444E-8B42-3667B055C2CC}.Debug|Any CPU.Build.0 = Debug|Any CPU
		{B05E6B43-68C5-444E-8B42-3667B055C2CC}.Debug|x86.ActiveCfg = Debug|Any CPU
		{B05E6B43-68C5-444E-8B42-3667B055C2CC}.Debug|x86.Build.0 = Debug|Any CPU
		{B05E6B43-68C5-444E-8B42-3667B055C2CC}.Release|Any CPU.ActiveCfg = Release|Any CPU
		{B05E6B43-68C5-444E-8B42-3667B055C2CC}.Release|Any CPU.Build.0 = Release|Any CPU
		{B05E6B43-68C5-444E-8B42-3667B055C2CC}.Release|x86.ActiveCfg = Release|Any CPU
		{B05E6B43-68C5-444E-8B42-3667B055C2CC}.Release|x86.Build.0 = Release|Any CPU
		{E56587AF-E3ED-4B23-B60D-CA16D267E3DE}.Debug|Any CPU.ActiveCfg = Debug|Any CPU
		{E56587AF-E3ED-4B23-B60D-CA16D267E3DE}.Debug|Any CPU.Build.0 = Debug|Any CPU
		{E56587AF-E3ED-4B23-B60D-CA16D267E3DE}.Debug|x86.ActiveCfg = Debug|Any CPU
		{E56587AF-E3ED-4B23-B60D-CA16D267E3DE}.Debug|x86.Build.0 = Debug|Any CPU
		{E56587AF-E3ED-4B23-B60D-CA16D267E3DE}.Release|Any CPU.ActiveCfg = Release|Any CPU
		{E56587AF-E3ED-4B23-B60D-CA16D267E3DE}.Release|Any CPU.Build.0 = Release|Any CPU
		{E56587AF-E3ED-4B23-B60D-CA16D267E3DE}.Release|x86.ActiveCfg = Release|Any CPU
		{E56587AF-E3ED-4B23-B60D-CA16D267E3DE}.Release|x86.Build.0 = Release|Any CPU
		{DFE3AA81-09C9-4537-99DF-B94699B40E37}.Debug|Any CPU.ActiveCfg = Debug|Any CPU
		{DFE3AA81-09C9-4537-99DF-B94699B40E37}.Debug|Any CPU.Build.0 = Debug|Any CPU
		{DFE3AA81-09C9-4537-99DF-B94699B40E37}.Debug|x86.ActiveCfg = Debug|Any CPU
		{DFE3AA81-09C9-4537-99DF-B94699B40E37}.Debug|x86.Build.0 = Debug|Any CPU
		{DFE3AA81-09C9-4537-99DF-B94699B40E37}.Release|Any CPU.ActiveCfg = Release|Any CPU
		{DFE3AA81-09C9-4537-99DF-B94699B40E37}.Release|Any CPU.Build.0 = Release|Any CPU
		{DFE3AA81-09C9-4537-99DF-B94699B40E37}.Release|x86.ActiveCfg = Release|Any CPU
		{DFE3AA81-09C9-4537-99DF-B94699B40E37}.Release|x86.Build.0 = Release|Any CPU
	EndGlobalSection
	GlobalSection(SolutionProperties) = preSolution
		HideSolutionNode = FALSE
	EndGlobalSection
	GlobalSection(NestedProjects) = preSolution
		{553E55EC-3464-40FE-AC32-BB756E755440} = {BA01D5F1-1B88-4886-B046-C6B527E9F9E3}
		{A3D17ADD-B458-4532-9EC9-F639DC8EB3BB} = {BA01D5F1-1B88-4886-B046-C6B527E9F9E3}
		{3E7549A8-E22A-497F-80A4-624AE90096FA} = {BA01D5F1-1B88-4886-B046-C6B527E9F9E3}
		{BA01D5F1-1B88-4886-B046-C6B527E9F9E3} = {553C7C1B-C961-4732-BD2F-68861B47D274}
		{7E12A6B6-CAAD-46E2-ADBF-84F387A5986E} = {FBF008E3-9227-4007-9391-39DFEC1CAAA5}
		{31064E22-BFE9-4DEC-9959-B02C04043F5F} = {FBF008E3-9227-4007-9391-39DFEC1CAAA5}
		{DD3BA730-EEBA-4186-ACE4-BD292C7825C4} = {FBF008E3-9227-4007-9391-39DFEC1CAAA5}
		{3B35D111-6D9F-4387-BE38-DA77128971F6} = {FBF008E3-9227-4007-9391-39DFEC1CAAA5}
		{041E38BB-DD2E-4F02-BD2D-D89F3FCCFFA8} = {FBF008E3-9227-4007-9391-39DFEC1CAAA5}
		{FBF008E3-9227-4007-9391-39DFEC1CAAA5} = {553C7C1B-C961-4732-BD2F-68861B47D274}
		{24162E20-3C24-43D5-BB43-B53197F0D808} = {FBF008E3-9227-4007-9391-39DFEC1CAAA5}
		{09D9576C-7750-49A5-B4DD-22CA5AF2E7D4} = {FBF008E3-9227-4007-9391-39DFEC1CAAA5}
		{F112D908-60D2-4AE1-8136-66A7CE655363} = {F0F7F988-90ED-419F-B26F-C640E2DD01BE}
		{047C7380-F358-4523-9B4E-B39C08E9821E} = {FBF008E3-9227-4007-9391-39DFEC1CAAA5}
		{0BC600B9-9205-43E7-98DA-7BCBCBEDD851} = {F0F7F988-90ED-419F-B26F-C640E2DD01BE}
		{6914727F-8EDC-4587-BF3E-4FBE17581EB7} = {F0F7F988-90ED-419F-B26F-C640E2DD01BE}
		{0D80A380-B0BA-4985-80DE-57A331392C3F} = {FBF008E3-9227-4007-9391-39DFEC1CAAA5}
		{F0F7F988-90ED-419F-B26F-C640E2DD01BE} = {553C7C1B-C961-4732-BD2F-68861B47D274}
		{CB16CB64-3D5B-4D29-9A33-B7EBD8FADE3B} = {F0F7F988-90ED-419F-B26F-C640E2DD01BE}
		{929C7AC8-08A8-4473-941B-B1528D13961D} = {F0F7F988-90ED-419F-B26F-C640E2DD01BE}
		{EB3BA834-7DD8-42A3-8CE1-D81D6C5C05DC} = {F0F7F988-90ED-419F-B26F-C640E2DD01BE}
		{293D6DA3-9F9E-429D-B0B8-EC179AD6E970} = {F0F7F988-90ED-419F-B26F-C640E2DD01BE}
		{CE56E739-6B3A-402C-988A-A2B3B23ECF81} = {FBF008E3-9227-4007-9391-39DFEC1CAAA5}
		{4A5BB5F7-5A0D-4C4B-9A45-A240B69FB8D0} = {FBF008E3-9227-4007-9391-39DFEC1CAAA5}
		{8CDBD7D9-1DAC-4B8E-9FD9-CE8A2F7A0FFB} = {71432EB6-9A90-4441-B89B-7F2107C7EFFF}
		{625C8FD6-6734-4F13-9BDA-3EBC4FD95FFA} = {71432EB6-9A90-4441-B89B-7F2107C7EFFF}
		{91D09CDD-A4BE-45AF-B529-0353C664C7FB} = {F0F7F988-90ED-419F-B26F-C640E2DD01BE}
		{E96EEB9D-D06E-44D4-B0AE-4258B4A257AA} = {FBF008E3-9227-4007-9391-39DFEC1CAAA5}
		{7B6A9378-9CFD-4B09-B06F-9124431B9899} = {F0F7F988-90ED-419F-B26F-C640E2DD01BE}
		{B4D85949-DDA0-4556-A8E6-FF2D41E83353} = {B8E8C6A6-7ADE-460A-B717-E96A6D0F5AD4}
		{305728BC-48C7-474E-ACED-B22D6C4F87C2} = {B8E8C6A6-7ADE-460A-B717-E96A6D0F5AD4}
		{282448B8-B544-4CFD-8E01-E3B9B8DFEB63} = {71432EB6-9A90-4441-B89B-7F2107C7EFFF}
		{630E5F10-4AA9-459C-BE9B-9F8AF337F357} = {71432EB6-9A90-4441-B89B-7F2107C7EFFF}
		{026B3B97-0174-4D35-AE8B-8255CF9C35EE} = {B8E8C6A6-7ADE-460A-B717-E96A6D0F5AD4}
		{B1B0FAE1-D82E-4399-8EE6-EE400EF3B2E6} = {026B3B97-0174-4D35-AE8B-8255CF9C35EE}
		{D90B0600-ED39-43EA-9BF9-F6C2B3AA612E} = {026B3B97-0174-4D35-AE8B-8255CF9C35EE}
		{89341B73-CD3A-4C2B-BC50-20ADA56E66B3} = {026B3B97-0174-4D35-AE8B-8255CF9C35EE}
		{E908FA46-C4D4-4102-8D27-D2E749B3A9CD} = {29951389-9930-4565-88AD-857F50850CDF}
		{FE7362F2-AF46-407A-B2A4-5ED20CE9C5A0} = {29951389-9930-4565-88AD-857F50850CDF}
		{36DDFC1B-D365-4FD5-8499-A9C27EEB4275} = {29951389-9930-4565-88AD-857F50850CDF}
		{544C8EBD-B16C-4A06-87D3-F1EC1445E991} = {29951389-9930-4565-88AD-857F50850CDF}
		{823AB5AA-F0CC-4AD3-A957-7E8577EB8442} = {544C8EBD-B16C-4A06-87D3-F1EC1445E991}
		{6D212291-9D3F-42A0-B946-823E59747621} = {36DDFC1B-D365-4FD5-8499-A9C27EEB4275}
		{E0C9FA50-CE98-4443-B43D-8F6FE117BCFB} = {FE7362F2-AF46-407A-B2A4-5ED20CE9C5A0}
		{E4A5358A-01D3-46D9-ACCE-8B4C7DF39803} = {E908FA46-C4D4-4102-8D27-D2E749B3A9CD}
		{E568BB25-7D83-4B68-80C7-79C1F3B95C73} = {71432EB6-9A90-4441-B89B-7F2107C7EFFF}
		{CCE08E66-86BB-4CAB-8A01-7AF7D199A768} = {E568BB25-7D83-4B68-80C7-79C1F3B95C73}
		{8F1E4BFE-BEE7-46CD-99D6-2B59DB851085} = {E568BB25-7D83-4B68-80C7-79C1F3B95C73}
		{B05E6B43-68C5-444E-8B42-3667B055C2CC} = {E568BB25-7D83-4B68-80C7-79C1F3B95C73}
		{E56587AF-E3ED-4B23-B60D-CA16D267E3DE} = {E568BB25-7D83-4B68-80C7-79C1F3B95C73}
		{DFE3AA81-09C9-4537-99DF-B94699B40E37} = {E568BB25-7D83-4B68-80C7-79C1F3B95C73}
		{71432EB6-9A90-4441-B89B-7F2107C7EFFF} = {04D3C632-C5E4-4493-92A4-5AEB1A56AA59}
		{B8E8C6A6-7ADE-460A-B717-E96A6D0F5AD4} = {04D3C632-C5E4-4493-92A4-5AEB1A56AA59}
	EndGlobalSection
	GlobalSection(ExtensibilityGlobals) = postSolution
		SolutionGuid = {B64E31B8-F301-400D-A929-36A903E5CA09}
	EndGlobalSection
EndGlobal
